
Microsoft Visual Studio Solution File, Format Version 12.00
# Visual Studio Version 17
VisualStudioVersion = 17.2.32630.192
MinimumVisualStudioVersion = 10.0.40219.1
Project("{FAE04EC0-301F-11D3-BF4B-00C04F79EFBC}") = "Append text", "Append text\Append text.csproj", "{CCB21C7B-DB87-427D-980A-4D7E3B291C02}"
EndProject
Project("{FAE04EC0-301F-11D3-BF4B-00C04F79EFBC}") = "moving a file", "moving a file\moving a file.csproj", "{A19C5152-A05C-4301-B9DD-7B93187CD49A}"
EndProject
Project("{FAE04EC0-301F-11D3-BF4B-00C04F79EFBC}") = "key value pair", "key value pair\key value pair.csproj", "{EE297F50-C995-4B04-9015-50FB77F53B8D}"
EndProject
Project("{FAE04EC0-301F-11D3-BF4B-00C04F79EFBC}") = "Generic Method", "Generic Method\Generic Method.csproj", "{C06A5B85-109D-4B6F-9028-DB9DEB4E0822}"
EndProject
Global
	GlobalSection(SolutionConfigurationPlatforms) = preSolution
		Debug|Any CPU = Debug|Any CPU
		Release|Any CPU = Release|Any CPU
	EndGlobalSection
	GlobalSection(ProjectConfigurationPlatforms) = postSolution
		{CCB21C7B-DB87-427D-980A-4D7E3B291C02}.Debug|Any CPU.ActiveCfg = Debug|Any CPU
		{CCB21C7B-DB87-427D-980A-4D7E3B291C02}.Debug|Any CPU.Build.0 = Debug|Any CPU
		{CCB21C7B-DB87-427D-980A-4D7E3B291C02}.Release|Any CPU.ActiveCfg = Release|Any CPU
		{CCB21C7B-DB87-427D-980A-4D7E3B291C02}.Release|Any CPU.Build.0 = Release|Any CPU
		{A19C5152-A05C-4301-B9DD-7B93187CD49A}.Debug|Any CPU.ActiveCfg = Debug|Any CPU
		{A19C5152-A05C-4301-B9DD-7B93187CD49A}.Debug|Any CPU.Build.0 = Debug|Any CPU
		{A19C5152-A05C-4301-B9DD-7B93187CD49A}.Release|Any CPU.ActiveCfg = Release|Any CPU
		{A19C5152-A05C-4301-B9DD-7B93187CD49A}.Release|Any CPU.Build.0 = Release|Any CPU
		{EE297F50-C995-4B04-9015-50FB77F53B8D}.Debug|Any CPU.ActiveCfg = Debug|Any CPU
		{EE297F50-C995-4B04-9015-50FB77F53B8D}.Debug|Any CPU.Build.0 = Debug|Any CPU
		{EE297F50-C995-4B04-9015-50FB77F53B8D}.Release|Any CPU.ActiveCfg = Release|Any CPU
		{EE297F50-C995-4B04-9015-50FB77F53B8D}.Release|Any CPU.Build.0 = Release|Any CPU
		{C06A5B85-109D-4B6F-9028-DB9DEB4E0822}.Debug|Any CPU.ActiveCfg = Debug|Any CPU
		{C06A5B85-109D-4B6F-9028-DB9DEB4E0822}.Debug|Any CPU.Build.0 = Debug|Any CPU
		{C06A5B85-109D-4B6F-9028-DB9DEB4E0822}.Release|Any CPU.ActiveCfg = Release|Any CPU
		{C06A5B85-109D-4B6F-9028-DB9DEB4E0822}.Release|Any CPU.Build.0 = Release|Any CPU
	EndGlobalSection
	GlobalSection(SolutionProperties) = preSolution
		HideSolutionNode = FALSE
	EndGlobalSection
	GlobalSection(ExtensibilityGlobals) = postSolution
		SolutionGuid = {D2064029-1FFD-4218-81F8-716B0984C31E}
	EndGlobalSection
EndGlobal
