
Microsoft Visual Studio Solution File, Format Version 12.00
# Visual Studio Version 17
VisualStudioVersion = 17.2.32630.192
MinimumVisualStudioVersion = 10.0.40219.1
Project("{FAE04EC0-301F-11D3-BF4B-00C04F79EFBC}") = "Append text", "Append text\Append text.csproj", "{CCB21C7B-DB87-427D-980A-4D7E3B291C02}"
EndProject
Global
	GlobalSection(SolutionConfigurationPlatforms) = preSolution
		Debug|Any CPU = Debug|Any CPU
		Release|Any CPU = Release|Any CPU
	EndGlobalSection
	GlobalSection(ProjectConfigurationPlatforms) = postSolution
		{CCB21C7B-DB87-427D-980A-4D7E3B291C02}.Debug|Any CPU.ActiveCfg = Debug|Any CPU
		{CCB21C7B-DB87-427D-980A-4D7E3B291C02}.Debug|Any CPU.Build.0 = Debug|Any CPU
		{CCB21C7B-DB87-427D-980A-4D7E3B291C02}.Release|Any CPU.ActiveCfg = Release|Any CPU
		{CCB21C7B-DB87-427D-980A-4D7E3B291C02}.Release|Any CPU.Build.0 = Release|Any CPU
	EndGlobalSection
	GlobalSection(SolutionProperties) = preSolution
		HideSolutionNode = FALSE
	EndGlobalSection
	GlobalSection(ExtensibilityGlobals) = postSolution
		SolutionGuid = {D2064029-1FFD-4218-81F8-716B0984C31E}
	EndGlobalSection
EndGlobal
