
Microsoft Visual Studio Solution File, Format Version 12.00
# Visual Studio Version 17
VisualStudioVersion = 17.2.32630.192
MinimumVisualStudioVersion = 10.0.40219.1
Project("{FAE04EC0-301F-11D3-BF4B-00C04F79EFBC}") = "WebApplication1", "WebApplication1\WebApplication1.csproj", "{43333893-CA39-4BE5-9FA9-94040C1A035B}"
EndProject
Global
	GlobalSection(SolutionConfigurationPlatforms) = preSolution
		Debug|Any CPU = Debug|Any CPU
		Release|Any CPU = Release|Any CPU
	EndGlobalSection
	GlobalSection(ProjectConfigurationPlatforms) = postSolution
		{43333893-CA39-4BE5-9FA9-94040C1A035B}.Debug|Any CPU.ActiveCfg = Debug|Any CPU
		{43333893-CA39-4BE5-9FA9-94040C1A035B}.Debug|Any CPU.Build.0 = Debug|Any CPU
		{43333893-CA39-4BE5-9FA9-94040C1A035B}.Release|Any CPU.ActiveCfg = Release|Any CPU
		{43333893-CA39-4BE5-9FA9-94040C1A035B}.Release|Any CPU.Build.0 = Release|Any CPU
	EndGlobalSection
	GlobalSection(SolutionProperties) = preSolution
		HideSolutionNode = FALSE
	EndGlobalSection
	GlobalSection(ExtensibilityGlobals) = postSolution
		SolutionGuid = {5C272A34-308D-4444-9F6B-DBE71C86CC14}
	EndGlobalSection
EndGlobal
